// !$*UTF8*$!
{
	archiveVersion = 1;
	classes = {
	};
	objectVersion = 46;
	objects = {

/* Begin PBXBuildFile section */
		6280CE4717D9B66400E2E070 /* UIKit.framework in Frameworks */ = {isa = PBXBuildFile; fileRef = 6280CE4617D9B66400E2E070 /* UIKit.framework */; };
		6280CE4917D9B66400E2E070 /* Foundation.framework in Frameworks */ = {isa = PBXBuildFile; fileRef = 6280CE4817D9B66400E2E070 /* Foundation.framework */; };
		6280CE4B17D9B66400E2E070 /* CoreGraphics.framework in Frameworks */ = {isa = PBXBuildFile; fileRef = 6280CE4A17D9B66400E2E070 /* CoreGraphics.framework */; };
		6280CE5117D9B66400E2E070 /* InfoPlist.strings in Resources */ = {isa = PBXBuildFile; fileRef = 6280CE4F17D9B66400E2E070 /* InfoPlist.strings */; };
		6280CE5317D9B66400E2E070 /* main.m in Sources */ = {isa = PBXBuildFile; fileRef = 6280CE5217D9B66400E2E070 /* main.m */; };
		6280CE5717D9B66400E2E070 /* COINSAppDelegate.m in Sources */ = {isa = PBXBuildFile; fileRef = 6280CE5617D9B66400E2E070 /* COINSAppDelegate.m */; };
		6280CE5917D9B66400E2E070 /* Default.png in Resources */ = {isa = PBXBuildFile; fileRef = 6280CE5817D9B66400E2E070 /* Default.png */; };
		6280CE5B17D9B66400E2E070 /* Default@2x.png in Resources */ = {isa = PBXBuildFile; fileRef = 6280CE5A17D9B66400E2E070 /* Default@2x.png */; };
		6280CE5D17D9B66400E2E070 /* Default-568h@2x.png in Resources */ = {isa = PBXBuildFile; fileRef = 6280CE5C17D9B66400E2E070 /* Default-568h@2x.png */; };
		6280CE6017D9B66400E2E070 /* MainStoryboard_iPhone.storyboard in Resources */ = {isa = PBXBuildFile; fileRef = 6280CE5E17D9B66400E2E070 /* MainStoryboard_iPhone.storyboard */; };
		6280CE6317D9B66400E2E070 /* MainStoryboard_iPad.storyboard in Resources */ = {isa = PBXBuildFile; fileRef = 6280CE6117D9B66400E2E070 /* MainStoryboard_iPad.storyboard */; };
		6280CE6617D9B66400E2E070 /* COINSViewController.m in Sources */ = {isa = PBXBuildFile; fileRef = 6280CE6517D9B66400E2E070 /* COINSViewController.m */; };
		62D2B5E217E155730020431C /* IMG_1220.JPG in Resources */ = {isa = PBXBuildFile; fileRef = 62D2B5E117E155730020431C /* IMG_1220.JPG */; };
/* End PBXBuildFile section */

/* Begin PBXFileReference section */
		6280CE4317D9B66400E2E070 /* HelloWorld.app */ = {isa = PBXFileReference; explicitFileType = wrapper.application; includeInIndex = 0; path = HelloWorld.app; sourceTree = BUILT_PRODUCTS_DIR; };
		6280CE4617D9B66400E2E070 /* UIKit.framework */ = {isa = PBXFileReference; lastKnownFileType = wrapper.framework; name = UIKit.framework; path = System/Library/Frameworks/UIKit.framework; sourceTree = SDKROOT; };
		6280CE4817D9B66400E2E070 /* Foundation.framework */ = {isa = PBXFileReference; lastKnownFileType = wrapper.framework; name = Foundation.framework; path = System/Library/Frameworks/Foundation.framework; sourceTree = SDKROOT; };
		6280CE4A17D9B66400E2E070 /* CoreGraphics.framework */ = {isa = PBXFileReference; lastKnownFileType = wrapper.framework; name = CoreGraphics.framework; path = System/Library/Frameworks/CoreGraphics.framework; sourceTree = SDKROOT; };
		6280CE4E17D9B66400E2E070 /* HelloWorld-Info.plist */ = {isa = PBXFileReference; lastKnownFileType = text.plist.xml; path = "HelloWorld-Info.plist"; sourceTree = "<group>"; };
		6280CE5017D9B66400E2E070 /* en */ = {isa = PBXFileReference; lastKnownFileType = text.plist.strings; name = en; path = en.lproj/InfoPlist.strings; sourceTree = "<group>"; };
		6280CE5217D9B66400E2E070 /* main.m */ = {isa = PBXFileReference; lastKnownFileType = sourcecode.c.objc; path = main.m; sourceTree = "<group>"; };
		6280CE5417D9B66400E2E070 /* HelloWorld-Prefix.pch */ = {isa = PBXFileReference; lastKnownFileType = sourcecode.c.h; path = "HelloWorld-Prefix.pch"; sourceTree = "<group>"; };
		6280CE5517D9B66400E2E070 /* COINSAppDelegate.h */ = {isa = PBXFileReference; lastKnownFileType = sourcecode.c.h; path = COINSAppDelegate.h; sourceTree = "<group>"; };
		6280CE5617D9B66400E2E070 /* COINSAppDelegate.m */ = {isa = PBXFileReference; lastKnownFileType = sourcecode.c.objc; path = COINSAppDelegate.m; sourceTree = "<group>"; };
		6280CE5817D9B66400E2E070 /* Default.png */ = {isa = PBXFileReference; lastKnownFileType = image.png; path = Default.png; sourceTree = "<group>"; };
		6280CE5A17D9B66400E2E070 /* Default@2x.png */ = {isa = PBXFileReference; lastKnownFileType = image.png; path = "Default@2x.png"; sourceTree = "<group>"; };
		6280CE5C17D9B66400E2E070 /* Default-568h@2x.png */ = {isa = PBXFileReference; lastKnownFileType = image.png; path = "Default-568h@2x.png"; sourceTree = "<group>"; };
		6280CE5F17D9B66400E2E070 /* en */ = {isa = PBXFileReference; lastKnownFileType = file.storyboard; name = en; path = en.lproj/MainStoryboard_iPhone.storyboard; sourceTree = "<group>"; };
		6280CE6217D9B66400E2E070 /* en */ = {isa = PBXFileReference; lastKnownFileType = file.storyboard; name = en; path = en.lproj/MainStoryboard_iPad.storyboard; sourceTree = "<group>"; };
		6280CE6417D9B66400E2E070 /* COINSViewController.h */ = {isa = PBXFileReference; lastKnownFileType = sourcecode.c.h; path = COINSViewController.h; sourceTree = "<group>"; };
		6280CE6517D9B66400E2E070 /* COINSViewController.m */ = {isa = PBXFileReference; lastKnownFileType = sourcecode.c.objc; path = COINSViewController.m; sourceTree = "<group>"; };
		62D2B5E117E155730020431C /* IMG_1220.JPG */ = {isa = PBXFileReference; lastKnownFileType = image.jpeg; path = IMG_1220.JPG; sourceTree = "<group>"; };
/* End PBXFileReference section */

/* Begin PBXFrameworksBuildPhase section */
		6280CE4017D9B66400E2E070 /* Frameworks */ = {
			isa = PBXFrameworksBuildPhase;
			buildActionMask = 2147483647;
			files = (
				6280CE4717D9B66400E2E070 /* UIKit.framework in Frameworks */,
				6280CE4917D9B66400E2E070 /* Foundation.framework in Frameworks */,
				6280CE4B17D9B66400E2E070 /* CoreGraphics.framework in Frameworks */,
			);
			runOnlyForDeploymentPostprocessing = 0;
		};
/* End PBXFrameworksBuildPhase section */

/* Begin PBXGroup section */
		6280CE3A17D9B66400E2E070 = {
			isa = PBXGroup;
			children = (
				62D2B5E117E155730020431C /* IMG_1220.JPG */,
				6280CE4C17D9B66400E2E070 /* HelloWorld */,
				6280CE4517D9B66400E2E070 /* Frameworks */,
				6280CE4417D9B66400E2E070 /* Products */,
			);
			sourceTree = "<group>";
		};
		6280CE4417D9B66400E2E070 /* Products */ = {
			isa = PBXGroup;
			children = (
				6280CE4317D9B66400E2E070 /* HelloWorld.app */,
			);
			name = Products;
			sourceTree = "<group>";
		};
		6280CE4517D9B66400E2E070 /* Frameworks */ = {
			isa = PBXGroup;
			children = (
				6280CE4617D9B66400E2E070 /* UIKit.framework */,
				6280CE4817D9B66400E2E070 /* Foundation.framework */,
				6280CE4A17D9B66400E2E070 /* CoreGraphics.framework */,
			);
			name = Frameworks;
			sourceTree = "<group>";
		};
		6280CE4C17D9B66400E2E070 /* HelloWorld */ = {
			isa = PBXGroup;
			children = (
				6280CE5517D9B66400E2E070 /* COINSAppDelegate.h */,
				6280CE5617D9B66400E2E070 /* COINSAppDelegate.m */,
				6280CE5E17D9B66400E2E070 /* MainStoryboard_iPhone.storyboard */,
				6280CE6117D9B66400E2E070 /* MainStoryboard_iPad.storyboard */,
				6280CE6417D9B66400E2E070 /* COINSViewController.h */,
				6280CE6517D9B66400E2E070 /* COINSViewController.m */,
				6280CE4D17D9B66400E2E070 /* Supporting Files */,
			);
			path = HelloWorld;
			sourceTree = "<group>";
		};
		6280CE4D17D9B66400E2E070 /* Supporting Files */ = {
			isa = PBXGroup;
			children = (
				6280CE4E17D9B66400E2E070 /* HelloWorld-Info.plist */,
				6280CE4F17D9B66400E2E070 /* InfoPlist.strings */,
				6280CE5217D9B66400E2E070 /* main.m */,
				6280CE5417D9B66400E2E070 /* HelloWorld-Prefix.pch */,
				6280CE5817D9B66400E2E070 /* Default.png */,
				6280CE5A17D9B66400E2E070 /* Default@2x.png */,
				6280CE5C17D9B66400E2E070 /* Default-568h@2x.png */,
			);
			name = "Supporting Files";
			sourceTree = "<group>";
		};
/* End PBXGroup section */

/* Begin PBXNativeTarget section */
		6280CE4217D9B66400E2E070 /* HelloWorld */ = {
			isa = PBXNativeTarget;
			buildConfigurationList = 6280CE6917D9B66400E2E070 /* Build configuration list for PBXNativeTarget "HelloWorld" */;
			buildPhases = (
				6280CE3F17D9B66400E2E070 /* Sources */,
				6280CE4017D9B66400E2E070 /* Frameworks */,
				6280CE4117D9B66400E2E070 /* Resources */,
			);
			buildRules = (
			);
			dependencies = (
			);
			name = HelloWorld;
			productName = HelloWorld;
			productReference = 6280CE4317D9B66400E2E070 /* HelloWorld.app */;
			productType = "com.apple.product-type.application";
		};
/* End PBXNativeTarget section */

/* Begin PBXProject section */
		6280CE3B17D9B66400E2E070 /* Project object */ = {
			isa = PBXProject;
			attributes = {
				CLASSPREFIX = COINS;
				LastUpgradeCheck = 0460;
				ORGANIZATIONNAME = "COINS Project AID";
			};
			buildConfigurationList = 6280CE3E17D9B66400E2E070 /* Build configuration list for PBXProject "HelloWorld" */;
			compatibilityVersion = "Xcode 3.2";
			developmentRegion = English;
			hasScannedForEncodings = 0;
			knownRegions = (
				en,
			);
			mainGroup = 6280CE3A17D9B66400E2E070;
			productRefGroup = 6280CE4417D9B66400E2E070 /* Products */;
			projectDirPath = "";
			projectRoot = "";
			targets = (
				6280CE4217D9B66400E2E070 /* HelloWorld */,
			);
		};
/* End PBXProject section */

/* Begin PBXResourcesBuildPhase section */
		6280CE4117D9B66400E2E070 /* Resources */ = {
			isa = PBXResourcesBuildPhase;
			buildActionMask = 2147483647;
			files = (
				6280CE5117D9B66400E2E070 /* InfoPlist.strings in Resources */,
				6280CE5917D9B66400E2E070 /* Default.png in Resources */,
				6280CE5B17D9B66400E2E070 /* Default@2x.png in Resources */,
				6280CE5D17D9B66400E2E070 /* Default-568h@2x.png in Resources */,
				6280CE6017D9B66400E2E070 /* MainStoryboard_iPhone.storyboard in Resources */,
				6280CE6317D9B66400E2E070 /* MainStoryboard_iPad.storyboard in Resources */,
				62D2B5E217E155730020431C /* IMG_1220.JPG in Resources */,
			);
			runOnlyForDeploymentPostprocessing = 0;
		};
/* End PBXResourcesBuildPhase section */

/* Begin PBXSourcesBuildPhase section */
		6280CE3F17D9B66400E2E070 /* Sources */ = {
			isa = PBXSourcesBuildPhase;
			buildActionMask = 2147483647;
			files = (
				6280CE5317D9B66400E2E070 /* main.m in Sources */,
				6280CE5717D9B66400E2E070 /* COINSAppDelegate.m in Sources */,
				6280CE6617D9B66400E2E070 /* COINSViewController.m in Sources */,
			);
			runOnlyForDeploymentPostprocessing = 0;
		};
/* End PBXSourcesBuildPhase section */

/* Begin PBXVariantGroup section */
		6280CE4F17D9B66400E2E070 /* InfoPlist.strings */ = {
			isa = PBXVariantGroup;
			children = (
				6280CE5017D9B66400E2E070 /* en */,
			);
			name = InfoPlist.strings;
			sourceTree = "<group>";
		};
		6280CE5E17D9B66400E2E070 /* MainStoryboard_iPhone.storyboard */ = {
			isa = PBXVariantGroup;
			children = (
				6280CE5F17D9B66400E2E070 /* en */,
			);
			name = MainStoryboard_iPhone.storyboard;
			sourceTree = "<group>";
		};
		6280CE6117D9B66400E2E070 /* MainStoryboard_iPad.storyboard */ = {
			isa = PBXVariantGroup;
			children = (
				6280CE6217D9B66400E2E070 /* en */,
			);
			name = MainStoryboard_iPad.storyboard;
			sourceTree = "<group>";
		};
/* End PBXVariantGroup section */

/* Begin XCBuildConfiguration section */
		6280CE6717D9B66400E2E070 /* Debug */ = {
			isa = XCBuildConfiguration;
			buildSettings = {
				ALWAYS_SEARCH_USER_PATHS = NO;
				CLANG_CXX_LANGUAGE_STANDARD = "gnu++0x";
				CLANG_CXX_LIBRARY = "libc++";
				CLANG_ENABLE_OBJC_ARC = YES;
				CLANG_WARN_CONSTANT_CONVERSION = YES;
				CLANG_WARN_EMPTY_BODY = YES;
				CLANG_WARN_ENUM_CONVERSION = YES;
				CLANG_WARN_INT_CONVERSION = YES;
				CLANG_WARN__DUPLICATE_METHOD_MATCH = YES;
				"CODE_SIGN_IDENTITY[sdk=iphoneos*]" = "iPhone Developer";
				COPY_PHASE_STRIP = NO;
				GCC_C_LANGUAGE_STANDARD = gnu99;
				GCC_DYNAMIC_NO_PIC = NO;
				GCC_OPTIMIZATION_LEVEL = 0;
				GCC_PREPROCESSOR_DEFINITIONS = (
					"DEBUG=1",
					"$(inherited)",
				);
				GCC_SYMBOLS_PRIVATE_EXTERN = NO;
				GCC_WARN_ABOUT_RETURN_TYPE = YES;
				GCC_WARN_UNINITIALIZED_AUTOS = YES;
				GCC_WARN_UNUSED_VARIABLE = YES;
				IPHONEOS_DEPLOYMENT_TARGET = 6.1;
				ONLY_ACTIVE_ARCH = YES;
				SDKROOT = iphoneos;
				TARGETED_DEVICE_FAMILY = "1,2";
			};
			name = Debug;
		};
		6280CE6817D9B66400E2E070 /* Release */ = {
			isa = XCBuildConfiguration;
			buildSettings = {
				ALWAYS_SEARCH_USER_PATHS = NO;
				CLANG_CXX_LANGUAGE_STANDARD = "gnu++0x";
				CLANG_CXX_LIBRARY = "libc++";
				CLANG_ENABLE_OBJC_ARC = YES;
				CLANG_WARN_CONSTANT_CONVERSION = YES;
				CLANG_WARN_EMPTY_BODY = YES;
				CLANG_WARN_ENUM_CONVERSION = YES;
				CLANG_WARN_INT_CONVERSION = YES;
				CLANG_WARN__DUPLICATE_METHOD_MATCH = YES;
				"CODE_SIGN_IDENTITY[sdk=iphoneos*]" = "iPhone Developer";
				COPY_PHASE_STRIP = YES;
				GCC_C_LANGUAGE_STANDARD = gnu99;
				GCC_WARN_ABOUT_RETURN_TYPE = YES;
				GCC_WARN_UNINITIALIZED_AUTOS = YES;
				GCC_WARN_UNUSED_VARIABLE = YES;
				IPHONEOS_DEPLOYMENT_TARGET = 6.1;
				OTHER_CFLAGS = "-DNS_BLOCK_ASSERTIONS=1";
				SDKROOT = iphoneos;
				TARGETED_DEVICE_FAMILY = "1,2";
				VALIDATE_PRODUCT = YES;
			};
			name = Release;
		};
		6280CE6A17D9B66400E2E070 /* Debug */ = {
			isa = XCBuildConfiguration;
			buildSettings = {
				GCC_PRECOMPILE_PREFIX_HEADER = YES;
				GCC_PREFIX_HEADER = "HelloWorld/HelloWorld-Prefix.pch";
				INFOPLIST_FILE = "HelloWorld/HelloWorld-Info.plist";
				PRODUCT_NAME = "$(TARGET_NAME)";
				WRAPPER_EXTENSION = app;
			};
			name = Debug;
		};
		6280CE6B17D9B66400E2E070 /* Release */ = {
			isa = XCBuildConfiguration;
			buildSettings = {
				GCC_PRECOMPILE_PREFIX_HEADER = YES;
				GCC_PREFIX_HEADER = "HelloWorld/HelloWorld-Prefix.pch";
				INFOPLIST_FILE = "HelloWorld/HelloWorld-Info.plist";
				PRODUCT_NAME = "$(TARGET_NAME)";
				WRAPPER_EXTENSION = app;
			};
			name = Release;
		};
/* End XCBuildConfiguration section */

/* Begin XCConfigurationList section */
		6280CE3E17D9B66400E2E070 /* Build configuration list for PBXProject "HelloWorld" */ = {
			isa = XCConfigurationList;
			buildConfigurations = (
				6280CE6717D9B66400E2E070 /* Debug */,
				6280CE6817D9B66400E2E070 /* Release */,
			);
			defaultConfigurationIsVisible = 0;
			defaultConfigurationName = Release;
		};
		6280CE6917D9B66400E2E070 /* Build configuration list for PBXNativeTarget "HelloWorld" */ = {
			isa = XCConfigurationList;
			buildConfigurations = (
				6280CE6A17D9B66400E2E070 /* Debug */,
				6280CE6B17D9B66400E2E070 /* Release */,
			);
			defaultConfigurationIsVisible = 0;
			defaultConfigurationName = Release;
		};
/* End XCConfigurationList section */
	};
	rootObject = 6280CE3B17D9B66400E2E070 /* Project object */;
}
